Microsoft Visual Studio Solution File, Format Version 12.00
# Visual Studio Version 17
VisualStudioVersion = 17.4.33603.86
MinimumVisualStudioVersion = 10.0.40219.1
Project("{9A19103F-16F7-4668-BE54-9A1E7A4F7556}") = "Document.Service.Sample.Console", "ConsoleAppTest\Document.Service.Sample.Console.csproj", "{68C22369-5384-4ABD-88D5-1B33B9701339}"
EndProject
Project("{9A19103F-16F7-4668-BE54-9A1E7A4F7556}") = "Document.Service", "Document.Service\Document.Service.csproj", "{E1D8C959-4116-4A10-8178-9F7354BC978E}"
EndProject
Global
	GlobalSection(SolutionConfigurationPlatforms) = preSolution
		Debug|Any CPU = Debug|Any CPU
		Release|Any CPU = Release|Any CPU
	EndGlobalSection
	GlobalSection(ProjectConfigurationPlatforms) = postSolution
		{68C22369-5384-4ABD-88D5-1B33B9701339}.Debug|Any CPU.ActiveCfg = Debug|Any CPU
		{68C22369-5384-4ABD-88D5-1B33B9701339}.Debug|Any CPU.Build.0 = Debug|Any CPU
		{68C22369-5384-4ABD-88D5-1B33B9701339}.Release|Any CPU.ActiveCfg = Release|Any CPU
		{68C22369-5384-4ABD-88D5-1B33B9701339}.Release|Any CPU.Build.0 = Release|Any CPU
		{E1D8C959-4116-4A10-8178-9F7354BC978E}.Debug|Any CPU.ActiveCfg = Debug|Any CPU
		{E1D8C959-4116-4A10-8178-9F7354BC978E}.Debug|Any CPU.Build.0 = Debug|Any CPU
		{E1D8C959-4116-4A10-8178-9F7354BC978E}.Release|Any CPU.ActiveCfg = Release|Any CPU
		{E1D8C959-4116-4A10-8178-9F7354BC978E}.Release|Any CPU.Build.0 = Release|Any CPU
	EndGlobalSection
	GlobalSection(SolutionProperties) = preSolution
		HideSolutionNode = FALSE
	EndGlobalSection
	GlobalSection(ExtensibilityGlobals) = postSolution
		SolutionGuid = {E5A75B79-F566-4B3D-871C-401286A37E1D}
	EndGlobalSection
EndGlobal
